
Microsoft Visual Studio Solution File, Format Version 11.00
# Visual Studio 2010
Project("{FAE04EC0-301F-11D3-BF4B-00C04F79EFBC}") = "FantasyWar", "Assembly-CSharp.csproj", "{93D2B820-5D18-352A-2968-94760F82FF4B}"
EndProject
Global
	GlobalSection(SolutionConfigurationPlatforms) = preSolution
		Debug|Any CPU = Debug|Any CPU
		Release|Any CPU = Release|Any CPU
	EndGlobalSection
	GlobalSection(ProjectConfigurationPlatforms) = postSolution
		{93D2B820-5D18-352A-2968-94760F82FF4B}.Debug|Any CPU.ActiveCfg = Debug|Any CPU
		{93D2B820-5D18-352A-2968-94760F82FF4B}.Debug|Any CPU.Build.0 = Debug|Any CPU
		{93D2B820-5D18-352A-2968-94760F82FF4B}.Release|Any CPU.ActiveCfg = Release|Any CPU
		{93D2B820-5D18-352A-2968-94760F82FF4B}.Release|Any CPU.Build.0 = Release|Any CPU
	EndGlobalSection
	GlobalSection(SolutionProperties) = preSolution
		HideSolutionNode = FALSE
	EndGlobalSection
	GlobalSection(MonoDevelopProperties) = preSolution
		StartupItem = Assembly-CSharp.csproj
	EndGlobalSection
EndGlobal
